
Microsoft Visual Studio Solution File, Format Version 12.00
# Visual Studio Version 17
VisualStudioVersion = 17.11.35327.3
MinimumVisualStudioVersion = 10.0.40219.1
Project("{FAE04EC0-301F-11D3-BF4B-00C04F79EFBC}") = "Taxi_FastTree", "Taxi_FastTree\Taxi_FastTree.csproj", "{85C8A4A9-80CB-4211-BB41-CA7186A1252E}"
EndProject
Global
	GlobalSection(SolutionConfigurationPlatforms) = preSolution
		Debug|Any CPU = Debug|Any CPU
		Release|Any CPU = Release|Any CPU
	EndGlobalSection
	GlobalSection(ProjectConfigurationPlatforms) = postSolution
		{85C8A4A9-80CB-4211-BB41-CA7186A1252E}.Debug|Any CPU.ActiveCfg = Debug|Any CPU
		{85C8A4A9-80CB-4211-BB41-CA7186A1252E}.Debug|Any CPU.Build.0 = Debug|Any CPU
		{85C8A4A9-80CB-4211-BB41-CA7186A1252E}.Release|Any CPU.ActiveCfg = Release|Any CPU
		{85C8A4A9-80CB-4211-BB41-CA7186A1252E}.Release|Any CPU.Build.0 = Release|Any CPU
	EndGlobalSection
	GlobalSection(SolutionProperties) = preSolution
		HideSolutionNode = FALSE
	EndGlobalSection
	GlobalSection(ExtensibilityGlobals) = postSolution
		SolutionGuid = {19C89C3C-9880-4A1F-91DE-24DACB2B68DE}
	EndGlobalSection
EndGlobal
