
Microsoft Visual Studio Solution File, Format Version 12.00
# Visual Studio Version 17
VisualStudioVersion = 17.11.35327.3
MinimumVisualStudioVersion = 10.0.40219.1
Project("{FAE04EC0-301F-11D3-BF4B-00C04F79EFBC}") = "BikeDemandForecasting", "BikeDemandForecasting\BikeDemandForecasting.csproj", "{5DCB18BF-2075-4C42-8B90-7C6CCB8336BC}"
EndProject
Global
	GlobalSection(SolutionConfigurationPlatforms) = preSolution
		Debug|Any CPU = Debug|Any CPU
		Release|Any CPU = Release|Any CPU
	EndGlobalSection
	GlobalSection(ProjectConfigurationPlatforms) = postSolution
		{5DCB18BF-2075-4C42-8B90-7C6CCB8336BC}.Debug|Any CPU.ActiveCfg = Debug|Any CPU
		{5DCB18BF-2075-4C42-8B90-7C6CCB8336BC}.Debug|Any CPU.Build.0 = Debug|Any CPU
		{5DCB18BF-2075-4C42-8B90-7C6CCB8336BC}.Release|Any CPU.ActiveCfg = Release|Any CPU
		{5DCB18BF-2075-4C42-8B90-7C6CCB8336BC}.Release|Any CPU.Build.0 = Release|Any CPU
	EndGlobalSection
	GlobalSection(SolutionProperties) = preSolution
		HideSolutionNode = FALSE
	EndGlobalSection
	GlobalSection(ExtensibilityGlobals) = postSolution
		SolutionGuid = {862A8CD8-3CC5-4C9F-A149-691E7ABFDDDB}
	EndGlobalSection
EndGlobal
